{
  "name": "livechat-lite",
  "version": "0.1.2",
  "lockfileVersion": 2,
  "requires": true,
  "packages": {
    "": {
      "version": "0.1.2",
      "license": "ISC",
      "dependencies": {
        "node-run-all": "^1.1.0",
        "typescript": "^5.4.5"
      }
    },
    "node_modules/node-run-all": {
      "version": "1.1.0",
      "resolved": "https://registry.npmjs.org/node-run-all/-/node-run-all-1.1.0.tgz",
      "integrity": "sha512-5dssMQUHXs0EOxFlBOgzeS7f//qs0eIVzWIWC9ZVFJ79zZQUcvPvoZ01v3OWxVniTyiD+sQOVxJ7ENXDGF5ITA==",
      "license": "ISC",
      "bin": {
        "node-run-all": "index.mjs"
      }
    },
    "node_modules/typescript": {
      "version": "5.4.5",
      "resolved": "https://registry.npmjs.org/typescript/-/typescript-5.4.5.tgz",
      "integrity": "sha512-vcI4UpRgg81oIRUFwR0WSIHKt11nJ7SAVlYNIu+QpqeyXP+gpQJy/Z4+F0aGxSE4MqwjyXvW/TzgkLAx2AGHwQ==",
      "bin": {
        "tsc": "bin/tsc",
        "tsserver": "bin/tsserver"
      },
      "engines": {
        "node": ">=14.17"
      }
    }
  },
  "dependencies": {
    "node-run-all": {
      "version": "1.1.0",
      "resolved": "https://registry.npmjs.org/node-run-all/-/node-run-all-1.1.0.tgz",
      "integrity": "sha512-5dssMQUHXs0EOxFlBOgzeS7f//qs0eIVzWIWC9ZVFJ79zZQUcvPvoZ01v3OWxVniTyiD+sQOVxJ7ENXDGF5ITA=="
    },
    "typescript": {
      "version": "5.4.5",
      "resolved": "https://registry.npmjs.org/typescript/-/typescript-5.4.5.tgz",
      "integrity": "sha512-vcI4UpRgg81oIRUFwR0WSIHKt11nJ7SAVlYNIu+QpqeyXP+gpQJy/Z4+F0aGxSE4MqwjyXvW/TzgkLAx2AGHwQ=="
    }
  }
}
